
Microsoft Visual Studio Solution File, Format Version 12.00
# Visual Studio Version 16
VisualStudioVersion = 16.0.31005.135
MinimumVisualStudioVersion = 10.0.40219.1
Project("{9A19103F-16F7-4668-BE54-9A1E7A4F7556}") = "API", "API\API.csproj", "{90A73446-A1E4-4D1E-8CFE-A7A6BEB52612}"
EndProject
Project("{9A19103F-16F7-4668-BE54-9A1E7A4F7556}") = "Core", "Core\Core.csproj", "{78029DFB-626E-4CC7-B198-D962E16E0150}"
EndProject
Project("{9A19103F-16F7-4668-BE54-9A1E7A4F7556}") = "Data", "Data\Data.csproj", "{89001F7A-B9AB-4447-A04B-146D3726874E}"
EndProject
Project("{9A19103F-16F7-4668-BE54-9A1E7A4F7556}") = "Service", "Service\Service.csproj", "{4AA23435-86E7-4F6C-B947-19C202FDAB3D}"
EndProject
Project("{FAE04EC0-301F-11D3-BF4B-00C04F79EFBC}") = "Web", "Web\Web.csproj", "{299967DE-2B07-4ACA-B2B0-0EB2BA3E4A51}"
EndProject
Global
	GlobalSection(SolutionConfigurationPlatforms) = preSolution
		Debug|Any CPU = Debug|Any CPU
		Release|Any CPU = Release|Any CPU
	EndGlobalSection
	GlobalSection(ProjectConfigurationPlatforms) = postSolution
		{90A73446-A1E4-4D1E-8CFE-A7A6BEB52612}.Debug|Any CPU.ActiveCfg = Debug|Any CPU
		{90A73446-A1E4-4D1E-8CFE-A7A6BEB52612}.Debug|Any CPU.Build.0 = Debug|Any CPU
		{90A73446-A1E4-4D1E-8CFE-A7A6BEB52612}.Release|Any CPU.ActiveCfg = Release|Any CPU
		{90A73446-A1E4-4D1E-8CFE-A7A6BEB52612}.Release|Any CPU.Build.0 = Release|Any CPU
		{78029DFB-626E-4CC7-B198-D962E16E0150}.Debug|Any CPU.ActiveCfg = Debug|Any CPU
		{78029DFB-626E-4CC7-B198-D962E16E0150}.Debug|Any CPU.Build.0 = Debug|Any CPU
		{78029DFB-626E-4CC7-B198-D962E16E0150}.Release|Any CPU.ActiveCfg = Release|Any CPU
		{78029DFB-626E-4CC7-B198-D962E16E0150}.Release|Any CPU.Build.0 = Release|Any CPU
		{89001F7A-B9AB-4447-A04B-146D3726874E}.Debug|Any CPU.ActiveCfg = Debug|Any CPU
		{89001F7A-B9AB-4447-A04B-146D3726874E}.Debug|Any CPU.Build.0 = Debug|Any CPU
		{89001F7A-B9AB-4447-A04B-146D3726874E}.Release|Any CPU.ActiveCfg = Release|Any CPU
		{89001F7A-B9AB-4447-A04B-146D3726874E}.Release|Any CPU.Build.0 = Release|Any CPU
		{4AA23435-86E7-4F6C-B947-19C202FDAB3D}.Debug|Any CPU.ActiveCfg = Debug|Any CPU
		{4AA23435-86E7-4F6C-B947-19C202FDAB3D}.Debug|Any CPU.Build.0 = Debug|Any CPU
		{4AA23435-86E7-4F6C-B947-19C202FDAB3D}.Release|Any CPU.ActiveCfg = Release|Any CPU
		{4AA23435-86E7-4F6C-B947-19C202FDAB3D}.Release|Any CPU.Build.0 = Release|Any CPU
		{299967DE-2B07-4ACA-B2B0-0EB2BA3E4A51}.Debug|Any CPU.ActiveCfg = Debug|Any CPU
		{299967DE-2B07-4ACA-B2B0-0EB2BA3E4A51}.Debug|Any CPU.Build.0 = Debug|Any CPU
		{299967DE-2B07-4ACA-B2B0-0EB2BA3E4A51}.Release|Any CPU.ActiveCfg = Release|Any CPU
		{299967DE-2B07-4ACA-B2B0-0EB2BA3E4A51}.Release|Any CPU.Build.0 = Release|Any CPU
	EndGlobalSection
	GlobalSection(SolutionProperties) = preSolution
		HideSolutionNode = FALSE
	EndGlobalSection
	GlobalSection(ExtensibilityGlobals) = postSolution
		SolutionGuid = {8891FFA2-3386-47A1-ABEC-5894718D29E6}
	EndGlobalSection
EndGlobal
